# glossary/versions.lock — APPEND-ONLY ledger of glossary versions.
#
#   <version> <sha256 of the canonical glossary content>
#
# Written by `QONTINUI_GLOSSARY_REGENERATE=1 cargo test -p qontinui-types
# --test glossary_source`, checked by the same test (rules in its module docs):
# versions strictly increase by one, the newest row decides, content changes
# need a new version and a new version needs a content change (an older
# digest may recur: a revert). Never edit or delete a line that has landed
# on main.
1 6e753bcf582accfec2223bdde074407dadf79ea4b417c1e32c269033b3e4388c
